// !$*UTF8*$!
{
	archiveVersion = 1;
	classes = {
	};
	objectVersion = 46;
	objects = {

/* Begin PBXBuildFile section */
		52034C381DAC879C00F07217 /* SwiftyKareliOS.h in Headers */ = {isa = PBXBuildFile; fileRef = 52034C361DAC879C00F07217 /* SwiftyKareliOS.h */; settings = {ATTRIBUTES = (Public, ); }; };
		52034C3B1DAC879C00F07217 /* SwiftyKareliOS.framework in Frameworks */ = {isa = PBXBuildFile; fileRef = 52034C341DAC879C00F07217 /* SwiftyKareliOS.framework */; };
		52034C3C1DAC879C00F07217 /* SwiftyKareliOS.framework in Embed Frameworks */ = {isa = PBXBuildFile; fileRef = 52034C341DAC879C00F07217 /* SwiftyKareliOS.framework */; settings = {ATTRIBUTES = (CodeSignOnCopy, RemoveHeadersOnCopy, ); }; };
		52034C431DAC87E000F07217 /* Karel.swift in Sources */ = {isa = PBXBuildFile; fileRef = 52469A0F1DAC45B200813B78 /* Karel.swift */; };
		52034C441DAC87E000F07217 /* Basic.swift in Sources */ = {isa = PBXBuildFile; fileRef = 52469A191DAC4BE200813B78 /* Basic.swift */; };
		52034C451DAC87E000F07217 /* IDE.swift in Sources */ = {isa = PBXBuildFile; fileRef = 52469A111DAC475B00813B78 /* IDE.swift */; };
		52034C461DAC87E000F07217 /* Block.swift in Sources */ = {isa = PBXBuildFile; fileRef = 52469A331DAC55A300813B78 /* Block.swift */; };
		52034C471DAC87E000F07217 /* Example World.plist in Resources */ = {isa = PBXBuildFile; fileRef = 52469A131DAC47E200813B78 /* Example World.plist */; };
		52034C481DAC87E000F07217 /* World.swift in Sources */ = {isa = PBXBuildFile; fileRef = 52469A151DAC49CF00813B78 /* World.swift */; };
		52034C4B1DAC8CA300F07217 /* iOS.swift in Sources */ = {isa = PBXBuildFile; fileRef = 52034C491DAC880300F07217 /* iOS.swift */; };
		522ED6C01DAD37D8004772A4 /* AZKarelWorldView.swift in Sources */ = {isa = PBXBuildFile; fileRef = 522ED6BF1DAD37D8004772A4 /* AZKarelWorldView.swift */; };
		524699FF1DAC445100813B78 /* AppDelegate.swift in Sources */ = {isa = PBXBuildFile; fileRef = 524699FE1DAC445100813B78 /* AppDelegate.swift */; };
		52469A011DAC445100813B78 /* ViewController.swift in Sources */ = {isa = PBXBuildFile; fileRef = 52469A001DAC445100813B78 /* ViewController.swift */; };
		52469A041DAC445100813B78 /* Main.storyboard in Resources */ = {isa = PBXBuildFile; fileRef = 52469A021DAC445100813B78 /* Main.storyboard */; };
		52469A061DAC445100813B78 /* Assets.xcassets in Resources */ = {isa = PBXBuildFile; fileRef = 52469A051DAC445100813B78 /* Assets.xcassets */; };
		52469A091DAC445100813B78 /* LaunchScreen.storyboard in Resources */ = {isa = PBXBuildFile; fileRef = 52469A071DAC445100813B78 /* LaunchScreen.storyboard */; };
		52469A221DAC50F100813B78 /* AppDelegate.swift in Sources */ = {isa = PBXBuildFile; fileRef = 52469A211DAC50F100813B78 /* AppDelegate.swift */; };
		52469A241DAC50F100813B78 /* ViewController.swift in Sources */ = {isa = PBXBuildFile; fileRef = 52469A231DAC50F100813B78 /* ViewController.swift */; };
		52469A261DAC50F100813B78 /* Assets.xcassets in Resources */ = {isa = PBXBuildFile; fileRef = 52469A251DAC50F100813B78 /* Assets.xcassets */; };
		52469A291DAC50F100813B78 /* Main.storyboard in Resources */ = {isa = PBXBuildFile; fileRef = 52469A271DAC50F100813B78 /* Main.storyboard */; };
/* End PBXBuildFile section */

/* Begin PBXContainerItemProxy section */
		52034C391DAC879C00F07217 /* PBXContainerItemProxy */ = {
			isa = PBXContainerItemProxy;
			containerPortal = 524699F11DAC439400813B78 /* Project object */;
			proxyType = 1;
			remoteGlobalIDString = 52034C331DAC879C00F07217;
			remoteInfo = "Swifty-Karel-iOS-Framework";
		};
/* End PBXContainerItemProxy section */

/* Begin PBXCopyFilesBuildPhase section */
		52034C401DAC879C00F07217 /* Embed Frameworks */ = {
			isa = PBXCopyFilesBuildPhase;
			buildActionMask = 2147483647;
			dstPath = "";
			dstSubfolderSpec = 10;
			files = (
				52034C3C1DAC879C00F07217 /* SwiftyKareliOS.framework in Embed Frameworks */,
			);
			name = "Embed Frameworks";
			runOnlyForDeploymentPostprocessing = 0;
		};
/* End PBXCopyFilesBuildPhase section */

/* Begin PBXFileReference section */
		52034C341DAC879C00F07217 /* SwiftyKareliOS.framework */ = {isa = PBXFileReference; explicitFileType = wrapper.framework; includeInIndex = 0; path = SwiftyKareliOS.framework; sourceTree = BUILT_PRODUCTS_DIR; };
		52034C361DAC879C00F07217 /* SwiftyKareliOS.h */ = {isa = PBXFileReference; lastKnownFileType = sourcecode.c.h; path = SwiftyKareliOS.h; sourceTree = "<group>"; };
		52034C371DAC879C00F07217 /* Info.plist */ = {isa = PBXFileReference; lastKnownFileType = text.plist.xml; path = Info.plist; sourceTree = "<group>"; };
		52034C491DAC880300F07217 /* iOS.swift */ = {isa = PBXFileReference; fileEncoding = 4; lastKnownFileType = sourcecode.swift; path = iOS.swift; sourceTree = "<group>"; };
		522ED6BF1DAD37D8004772A4 /* AZKarelWorldView.swift */ = {isa = PBXFileReference; fileEncoding = 4; lastKnownFileType = sourcecode.swift; name = AZKarelWorldView.swift; path = ../AZKarelWorldView.swift; sourceTree = "<group>"; };
		524699FB1DAC445100813B78 /* Swifty-Karel-iOS.app */ = {isa = PBXFileReference; explicitFileType = wrapper.application; includeInIndex = 0; path = "Swifty-Karel-iOS.app"; sourceTree = BUILT_PRODUCTS_DIR; };
		524699FE1DAC445100813B78 /* AppDelegate.swift */ = {isa = PBXFileReference; lastKnownFileType = sourcecode.swift; path = AppDelegate.swift; sourceTree = "<group>"; };
		52469A001DAC445100813B78 /* ViewController.swift */ = {isa = PBXFileReference; lastKnownFileType = sourcecode.swift; path = ViewController.swift; sourceTree = "<group>"; };
		52469A031DAC445100813B78 /* Base */ = {isa = PBXFileReference; lastKnownFileType = file.storyboard; name = Base; path = Base.lproj/Main.storyboard; sourceTree = "<group>"; };
		52469A051DAC445100813B78 /* Assets.xcassets */ = {isa = PBXFileReference; lastKnownFileType = folder.assetcatalog; path = Assets.xcassets; sourceTree = "<group>"; };
		52469A081DAC445100813B78 /* Base */ = {isa = PBXFileReference; lastKnownFileType = file.storyboard; name = Base; path = Base.lproj/LaunchScreen.storyboard; sourceTree = "<group>"; };
		52469A0A1DAC445100813B78 /* Info.plist */ = {isa = PBXFileReference; lastKnownFileType = text.plist.xml; path = Info.plist; sourceTree = "<group>"; };
		52469A0F1DAC45B200813B78 /* Karel.swift */ = {isa = PBXFileReference; fileEncoding = 4; lastKnownFileType = sourcecode.swift; path = Karel.swift; sourceTree = "<group>"; };
		52469A111DAC475B00813B78 /* IDE.swift */ = {isa = PBXFileReference; fileEncoding = 4; lastKnownFileType = sourcecode.swift; path = IDE.swift; sourceTree = "<group>"; };
		52469A131DAC47E200813B78 /* Example World.plist */ = {isa = PBXFileReference; fileEncoding = 4; lastKnownFileType = text.plist.xml; path = "Example World.plist"; sourceTree = "<group>"; };
		52469A151DAC49CF00813B78 /* World.swift */ = {isa = PBXFileReference; fileEncoding = 4; lastKnownFileType = sourcecode.swift; path = World.swift; sourceTree = "<group>"; };
		52469A191DAC4BE200813B78 /* Basic.swift */ = {isa = PBXFileReference; fileEncoding = 4; lastKnownFileType = sourcecode.swift; path = Basic.swift; sourceTree = "<group>"; };
		52469A1F1DAC50F100813B78 /* Swifty-Karel-macOS.app */ = {isa = PBXFileReference; explicitFileType = wrapper.application; includeInIndex = 0; path = "Swifty-Karel-macOS.app"; sourceTree = BUILT_PRODUCTS_DIR; };
		52469A211DAC50F100813B78 /* AppDelegate.swift */ = {isa = PBXFileReference; lastKnownFileType = sourcecode.swift; path = AppDelegate.swift; sourceTree = "<group>"; };
		52469A231DAC50F100813B78 /* ViewController.swift */ = {isa = PBXFileReference; lastKnownFileType = sourcecode.swift; path = ViewController.swift; sourceTree = "<group>"; };
		52469A251DAC50F100813B78 /* Assets.xcassets */ = {isa = PBXFileReference; lastKnownFileType = folder.assetcatalog; path = Assets.xcassets; sourceTree = "<group>"; };
		52469A281DAC50F100813B78 /* Base */ = {isa = PBXFileReference; lastKnownFileType = file.storyboard; name = Base; path = Base.lproj/Main.storyboard; sourceTree = "<group>"; };
		52469A2A1DAC50F100813B78 /* Info.plist */ = {isa = PBXFileReference; lastKnownFileType = text.plist.xml; path = Info.plist; sourceTree = "<group>"; };
		52469A331DAC55A300813B78 /* Block.swift */ = {isa = PBXFileReference; fileEncoding = 4; lastKnownFileType = sourcecode.swift; path = Block.swift; sourceTree = "<group>"; };
/* End PBXFileReference section */

/* Begin PBXFrameworksBuildPhase section */
		52034C301DAC879C00F07217 /* Frameworks */ = {
			isa = PBXFrameworksBuildPhase;
			buildActionMask = 2147483647;
			files = (
			);
			runOnlyForDeploymentPostprocessing = 0;
		};
		524699F81DAC445100813B78 /* Frameworks */ = {
			isa = PBXFrameworksBuildPhase;
			buildActionMask = 2147483647;
			files = (
				52034C3B1DAC879C00F07217 /* SwiftyKareliOS.framework in Frameworks */,
			);
			runOnlyForDeploymentPostprocessing = 0;
		};
		52469A1C1DAC50F100813B78 /* Frameworks */ = {
			isa = PBXFrameworksBuildPhase;
			buildActionMask = 2147483647;
			files = (
			);
			runOnlyForDeploymentPostprocessing = 0;
		};
/* End PBXFrameworksBuildPhase section */

/* Begin PBXGroup section */
		52034C351DAC879C00F07217 /* SwiftyKareliOS */ = {
			isa = PBXGroup;
			children = (
				52034C361DAC879C00F07217 /* SwiftyKareliOS.h */,
				52034C491DAC880300F07217 /* iOS.swift */,
				522ED6BF1DAD37D8004772A4 /* AZKarelWorldView.swift */,
				52034C371DAC879C00F07217 /* Info.plist */,
			);
			name = SwiftyKareliOS;
			path = "Swifty-Karel-iOS-Framework";
			sourceTree = "<group>";
		};
		52034C411DAC87A900F07217 /* Demo */ = {
			isa = PBXGroup;
			children = (
				524699FD1DAC445100813B78 /* Swifty-Karel-iOS */,
				52469A201DAC50F100813B78 /* Swifty-Karel-macOS */,
			);
			name = Demo;
			sourceTree = "<group>";
		};
		524699F01DAC439400813B78 = {
			isa = PBXGroup;
			children = (
				52469A0E1DAC459B00813B78 /* Core */,
				52034C411DAC87A900F07217 /* Demo */,
				524699FC1DAC445100813B78 /* Products */,
			);
			sourceTree = "<group>";
		};
		524699FC1DAC445100813B78 /* Products */ = {
			isa = PBXGroup;
			children = (
				524699FB1DAC445100813B78 /* Swifty-Karel-iOS.app */,
				52469A1F1DAC50F100813B78 /* Swifty-Karel-macOS.app */,
				52034C341DAC879C00F07217 /* SwiftyKareliOS.framework */,
			);
			name = Products;
			sourceTree = "<group>";
		};
		524699FD1DAC445100813B78 /* Swifty-Karel-iOS */ = {
			isa = PBXGroup;
			children = (
				524699FE1DAC445100813B78 /* AppDelegate.swift */,
				52469A001DAC445100813B78 /* ViewController.swift */,
				52469A021DAC445100813B78 /* Main.storyboard */,
				52469A051DAC445100813B78 /* Assets.xcassets */,
				52469A071DAC445100813B78 /* LaunchScreen.storyboard */,
				52469A0A1DAC445100813B78 /* Info.plist */,
			);
			path = "Swifty-Karel-iOS";
			sourceTree = "<group>";
		};
		52469A0E1DAC459B00813B78 /* Core */ = {
			isa = PBXGroup;
			children = (
				52034C351DAC879C00F07217 /* SwiftyKareliOS */,
				52469A0F1DAC45B200813B78 /* Karel.swift */,
				52469A191DAC4BE200813B78 /* Basic.swift */,
				52469A111DAC475B00813B78 /* IDE.swift */,
				52469A331DAC55A300813B78 /* Block.swift */,
				52469A131DAC47E200813B78 /* Example World.plist */,
				52469A151DAC49CF00813B78 /* World.swift */,
			);
			name = Core;
			sourceTree = "<group>";
		};
		52469A201DAC50F100813B78 /* Swifty-Karel-macOS */ = {
			isa = PBXGroup;
			children = (
				52469A211DAC50F100813B78 /* AppDelegate.swift */,
				52469A231DAC50F100813B78 /* ViewController.swift */,
				52469A251DAC50F100813B78 /* Assets.xcassets */,
				52469A271DAC50F100813B78 /* Main.storyboard */,
				52469A2A1DAC50F100813B78 /* Info.plist */,
			);
			path = "Swifty-Karel-macOS";
			sourceTree = "<group>";
		};
/* End PBXGroup section */

/* Begin PBXHeadersBuildPhase section */
		52034C311DAC879C00F07217 /* Headers */ = {
			isa = PBXHeadersBuildPhase;
			buildActionMask = 2147483647;
			files = (
				52034C381DAC879C00F07217 /* SwiftyKareliOS.h in Headers */,
			);
			runOnlyForDeploymentPostprocessing = 0;
		};
/* End PBXHeadersBuildPhase section */

/* Begin PBXNativeTarget section */
		52034C331DAC879C00F07217 /* SwiftyKareliOS */ = {
			isa = PBXNativeTarget;
			buildConfigurationList = 52034C3F1DAC879C00F07217 /* Build configuration list for PBXNativeTarget "SwiftyKareliOS" */;
			buildPhases = (
				52034C2F1DAC879C00F07217 /* Sources */,
				52034C301DAC879C00F07217 /* Frameworks */,
				52034C311DAC879C00F07217 /* Headers */,
				52034C321DAC879C00F07217 /* Resources */,
			);
			buildRules = (
			);
			dependencies = (
			);
			name = SwiftyKareliOS;
			productName = "Swifty-Karel-iOS-Framework";
			productReference = 52034C341DAC879C00F07217 /* SwiftyKareliOS.framework */;
			productType = "com.apple.product-type.framework";
		};
		524699FA1DAC445100813B78 /* Swifty-Karel-iOS */ = {
			isa = PBXNativeTarget;
			buildConfigurationList = 52469A0B1DAC445100813B78 /* Build configuration list for PBXNativeTarget "Swifty-Karel-iOS" */;
			buildPhases = (
				524699F71DAC445100813B78 /* Sources */,
				524699F81DAC445100813B78 /* Frameworks */,
				524699F91DAC445100813B78 /* Resources */,
				52034C401DAC879C00F07217 /* Embed Frameworks */,
			);
			buildRules = (
			);
			dependencies = (
				52034C3A1DAC879C00F07217 /* PBXTargetDependency */,
			);
			name = "Swifty-Karel-iOS";
			productName = "Swifty-Karel-iOS";
			productReference = 524699FB1DAC445100813B78 /* Swifty-Karel-iOS.app */;
			productType = "com.apple.product-type.application";
		};
		52469A1E1DAC50F100813B78 /* Swifty-Karel-macOS */ = {
			isa = PBXNativeTarget;
			buildConfigurationList = 52469A2B1DAC50F100813B78 /* Build configuration list for PBXNativeTarget "Swifty-Karel-macOS" */;
			buildPhases = (
				52469A1B1DAC50F100813B78 /* Sources */,
				52469A1C1DAC50F100813B78 /* Frameworks */,
				52469A1D1DAC50F100813B78 /* Resources */,
			);
			buildRules = (
			);
			dependencies = (
			);
			name = "Swifty-Karel-macOS";
			productName = "Swifty-Karel-macOS";
			productReference = 52469A1F1DAC50F100813B78 /* Swifty-Karel-macOS.app */;
			productType = "com.apple.product-type.application";
		};
/* End PBXNativeTarget section */

/* Begin PBXProject section */
		524699F11DAC439400813B78 /* Project object */ = {
			isa = PBXProject;
			attributes = {
				CLASSPREFIX = AZ;
				LastSwiftUpdateCheck = 0800;
				LastUpgradeCheck = 0800;
				TargetAttributes = {
					52034C331DAC879C00F07217 = {
						CreatedOnToolsVersion = 8.0;
						DevelopmentTeam = 2H866F22W7;
						ProvisioningStyle = Automatic;
					};
					524699FA1DAC445100813B78 = {
						CreatedOnToolsVersion = 8.0;
						DevelopmentTeam = 2H866F22W7;
						ProvisioningStyle = Automatic;
					};
					52469A1E1DAC50F100813B78 = {
						CreatedOnToolsVersion = 8.0;
						DevelopmentTeam = 2H866F22W7;
						ProvisioningStyle = Automatic;
					};
				};
			};
			buildConfigurationList = 524699F41DAC439400813B78 /* Build configuration list for PBXProject "SwiftyKarel" */;
			compatibilityVersion = "Xcode 3.2";
			developmentRegion = English;
			hasScannedForEncodings = 0;
			knownRegions = (
				en,
				Base,
			);
			mainGroup = 524699F01DAC439400813B78;
			productRefGroup = 524699FC1DAC445100813B78 /* Products */;
			projectDirPath = "";
			projectRoot = "";
			targets = (
				524699FA1DAC445100813B78 /* Swifty-Karel-iOS */,
				52469A1E1DAC50F100813B78 /* Swifty-Karel-macOS */,
				52034C331DAC879C00F07217 /* SwiftyKareliOS */,
			);
		};
/* End PBXProject section */

/* Begin PBXResourcesBuildPhase section */
		52034C321DAC879C00F07217 /* Resources */ = {
			isa = PBXResourcesBuildPhase;
			buildActionMask = 2147483647;
			files = (
				52034C471DAC87E000F07217 /* Example World.plist in Resources */,
			);
			runOnlyForDeploymentPostprocessing = 0;
		};
		524699F91DAC445100813B78 /* Resources */ = {
			isa = PBXResourcesBuildPhase;
			buildActionMask = 2147483647;
			files = (
				52469A091DAC445100813B78 /* LaunchScreen.storyboard in Resources */,
				52469A061DAC445100813B78 /* Assets.xcassets in Resources */,
				52469A041DAC445100813B78 /* Main.storyboard in Resources */,
			);
			runOnlyForDeploymentPostprocessing = 0;
		};
		52469A1D1DAC50F100813B78 /* Resources */ = {
			isa = PBXResourcesBuildPhase;
			buildActionMask = 2147483647;
			files = (
				52469A261DAC50F100813B78 /* Assets.xcassets in Resources */,
				52469A291DAC50F100813B78 /* Main.storyboard in Resources */,
			);
			runOnlyForDeploymentPostprocessing = 0;
		};
/* End PBXResourcesBuildPhase section */

/* Begin PBXSourcesBuildPhase section */
		52034C2F1DAC879C00F07217 /* Sources */ = {
			isa = PBXSourcesBuildPhase;
			buildActionMask = 2147483647;
			files = (
				52034C441DAC87E000F07217 /* Basic.swift in Sources */,
				52034C461DAC87E000F07217 /* Block.swift in Sources */,
				52034C451DAC87E000F07217 /* IDE.swift in Sources */,
				52034C4B1DAC8CA300F07217 /* iOS.swift in Sources */,
				52034C431DAC87E000F07217 /* Karel.swift in Sources */,
				52034C481DAC87E000F07217 /* World.swift in Sources */,
				522ED6C01DAD37D8004772A4 /* AZKarelWorldView.swift in Sources */,
			);
			runOnlyForDeploymentPostprocessing = 0;
		};
		524699F71DAC445100813B78 /* Sources */ = {
			isa = PBXSourcesBuildPhase;
			buildActionMask = 2147483647;
			files = (
				52469A011DAC445100813B78 /* ViewController.swift in Sources */,
				524699FF1DAC445100813B78 /* AppDelegate.swift in Sources */,
			);
			runOnlyForDeploymentPostprocessing = 0;
		};
		52469A1B1DAC50F100813B78 /* Sources */ = {
			isa = PBXSourcesBuildPhase;
			buildActionMask = 2147483647;
			files = (
				52469A241DAC50F100813B78 /* ViewController.swift in Sources */,
				52469A221DAC50F100813B78 /* AppDelegate.swift in Sources */,
			);
			runOnlyForDeploymentPostprocessing = 0;
		};
/* End PBXSourcesBuildPhase section */

/* Begin PBXTargetDependency section */
		52034C3A1DAC879C00F07217 /* PBXTargetDependency */ = {
			isa = PBXTargetDependency;
			target = 52034C331DAC879C00F07217 /* SwiftyKareliOS */;
			targetProxy = 52034C391DAC879C00F07217 /* PBXContainerItemProxy */;
		};
/* End PBXTargetDependency section */

/* Begin PBXVariantGroup section */
		52469A021DAC445100813B78 /* Main.storyboard */ = {
			isa = PBXVariantGroup;
			children = (
				52469A031DAC445100813B78 /* Base */,
			);
			name = Main.storyboard;
			sourceTree = "<group>";
		};
		52469A071DAC445100813B78 /* LaunchScreen.storyboard */ = {
			isa = PBXVariantGroup;
			children = (
				52469A081DAC445100813B78 /* Base */,
			);
			name = LaunchScreen.storyboard;
			sourceTree = "<group>";
		};
		52469A271DAC50F100813B78 /* Main.storyboard */ = {
			isa = PBXVariantGroup;
			children = (
				52469A281DAC50F100813B78 /* Base */,
			);
			name = Main.storyboard;
			sourceTree = "<group>";
		};
/* End PBXVariantGroup section */

/* Begin XCBuildConfiguration section */
		52034C3D1DAC879C00F07217 /* Debug */ = {
			isa = XCBuildConfiguration;
			buildSettings = {
				ALWAYS_SEARCH_USER_PATHS = NO;
				CLANG_ANALYZER_NONNULL = YES;
				CLANG_CXX_LANGUAGE_STANDARD = "gnu++0x";
				CLANG_CXX_LIBRARY = "libc++";
				CLANG_ENABLE_MODULES = YES;
				CLANG_ENABLE_OBJC_ARC = YES;
				CLANG_WARN_BOOL_CONVERSION = YES;
				CLANG_WARN_CONSTANT_CONVERSION = YES;
				CLANG_WARN_DIRECT_OBJC_ISA_USAGE = YES_ERROR;
				CLANG_WARN_DOCUMENTATION_COMMENTS = YES;
				CLANG_WARN_EMPTY_BODY = YES;
				CLANG_WARN_ENUM_CONVERSION = YES;
				CLANG_WARN_INFINITE_RECURSION = YES;
				CLANG_WARN_INT_CONVERSION = YES;
				CLANG_WARN_OBJC_ROOT_CLASS = YES_ERROR;
				CLANG_WARN_SUSPICIOUS_MOVES = YES;
				CLANG_WARN_UNREACHABLE_CODE = YES;
				CLANG_WARN__DUPLICATE_METHOD_MATCH = YES;
				CODE_SIGN_IDENTITY = "";
				"CODE_SIGN_IDENTITY[sdk=iphoneos*]" = "iPhone Developer";
				COPY_PHASE_STRIP = NO;
				CURRENT_PROJECT_VERSION = 1;
				DEBUG_INFORMATION_FORMAT = dwarf;
				DEFINES_MODULE = YES;
				DEVELOPMENT_TEAM = 2H866F22W7;
				DYLIB_COMPATIBILITY_VERSION = 1;
				DYLIB_CURRENT_VERSION = 1;
				DYLIB_INSTALL_NAME_BASE = "@rpath";
				ENABLE_STRICT_OBJC_MSGSEND = YES;
				ENABLE_TESTABILITY = YES;
				GCC_C_LANGUAGE_STANDARD = gnu99;
				GCC_DYNAMIC_NO_PIC = NO;
				GCC_NO_COMMON_BLOCKS = YES;
				GCC_OPTIMIZATION_LEVEL = 0;
				GCC_PREPROCESSOR_DEFINITIONS = (
					"DEBUG=1",
					"$(inherited)",
				);
				GCC_WARN_64_TO_32_BIT_CONVERSION = YES;
				GCC_WARN_ABOUT_RETURN_TYPE = YES_ERROR;
				GCC_WARN_UNDECLARED_SELECTOR = YES;
				GCC_WARN_UNINITIALIZED_AUTOS = YES_AGGRESSIVE;
				GCC_WARN_UNUSED_FUNCTION = YES;
				GCC_WARN_UNUSED_VARIABLE = YES;
				INFOPLIST_FILE = "Swifty-Karel-iOS-Framework/Info.plist";
				INSTALL_PATH = "$(LOCAL_LIBRARY_DIR)/Frameworks";
				IPHONEOS_DEPLOYMENT_TARGET = 10.0;
				LD_RUNPATH_SEARCH_PATHS = "$(inherited) @executable_path/Frameworks @loader_path/Frameworks";
				MTL_ENABLE_DEBUG_INFO = YES;
				ONLY_ACTIVE_ARCH = YES;
				PRODUCT_BUNDLE_IDENTIFIER = "com.wwitdc.apollo.Swifty-Karel-iOS-Framework";
				PRODUCT_NAME = "$(TARGET_NAME)";
				SDKROOT = iphoneos;
				SKIP_INSTALL = YES;
				SWIFT_ACTIVE_COMPILATION_CONDITIONS = DEBUG;
				SWIFT_OPTIMIZATION_LEVEL = "-Onone";
				SWIFT_VERSION = 3.0;
				TARGETED_DEVICE_FAMILY = "1,2";
				VERSIONING_SYSTEM = "apple-generic";
				VERSION_INFO_PREFIX = "";
			};
			name = Debug;
		};
		52034C3E1DAC879C00F07217 /* Release */ = {
			isa = XCBuildConfiguration;
			buildSettings = {
				ALWAYS_SEARCH_USER_PATHS = NO;
				CLANG_ANALYZER_NONNULL = YES;
				CLANG_CXX_LANGUAGE_STANDARD = "gnu++0x";
				CLANG_CXX_LIBRARY = "libc++";
				CLANG_ENABLE_MODULES = YES;
				CLANG_ENABLE_OBJC_ARC = YES;
				CLANG_WARN_BOOL_CONVERSION = YES;
				CLANG_WARN_CONSTANT_CONVERSION = YES;
				CLANG_WARN_DIRECT_OBJC_ISA_USAGE = YES_ERROR;
				CLANG_WARN_DOCUMENTATION_COMMENTS = YES;
				CLANG_WARN_EMPTY_BODY = YES;
				CLANG_WARN_ENUM_CONVERSION = YES;
				CLANG_WARN_INFINITE_RECURSION = YES;
				CLANG_WARN_INT_CONVERSION = YES;
				CLANG_WARN_OBJC_ROOT_CLASS = YES_ERROR;
				CLANG_WARN_SUSPICIOUS_MOVES = YES;
				CLANG_WARN_UNREACHABLE_CODE = YES;
				CLANG_WARN__DUPLICATE_METHOD_MATCH = YES;
				CODE_SIGN_IDENTITY = "";
				"CODE_SIGN_IDENTITY[sdk=iphoneos*]" = "iPhone Developer";
				COPY_PHASE_STRIP = NO;
				CURRENT_PROJECT_VERSION = 1;
				DEBUG_INFORMATION_FORMAT = "dwarf-with-dsym";
				DEFINES_MODULE = YES;
				DEVELOPMENT_TEAM = 2H866F22W7;
				DYLIB_COMPATIBILITY_VERSION = 1;
				DYLIB_CURRENT_VERSION = 1;
				DYLIB_INSTALL_NAME_BASE = "@rpath";
				ENABLE_NS_ASSERTIONS = NO;
				ENABLE_STRICT_OBJC_MSGSEND = YES;
				GCC_C_LANGUAGE_STANDARD = gnu99;
				GCC_NO_COMMON_BLOCKS = YES;
				GCC_WARN_64_TO_32_BIT_CONVERSION = YES;
				GCC_WARN_ABOUT_RETURN_TYPE = YES_ERROR;
				GCC_WARN_UNDECLARED_SELECTOR = YES;
				GCC_WARN_UNINITIALIZED_AUTOS = YES_AGGRESSIVE;
				GCC_WARN_UNUSED_FUNCTION = YES;
				GCC_WARN_UNUSED_VARIABLE = YES;
				INFOPLIST_FILE = "Swifty-Karel-iOS-Framework/Info.plist";
				INSTALL_PATH = "$(LOCAL_LIBRARY_DIR)/Frameworks";
				IPHONEOS_DEPLOYMENT_TARGET = 10.0;
				LD_RUNPATH_SEARCH_PATHS = "$(inherited) @executable_path/Frameworks @loader_path/Frameworks";
				MTL_ENABLE_DEBUG_INFO = NO;
				PRODUCT_BUNDLE_IDENTIFIER = "com.wwitdc.apollo.Swifty-Karel-iOS-Framework";
				PRODUCT_NAME = "$(TARGET_NAME)";
				SDKROOT = iphoneos;
				SKIP_INSTALL = YES;
				SWIFT_OPTIMIZATION_LEVEL = "-Owholemodule";
				SWIFT_VERSION = 3.0;
				TARGETED_DEVICE_FAMILY = "1,2";
				VALIDATE_PRODUCT = YES;
				VERSIONING_SYSTEM = "apple-generic";
				VERSION_INFO_PREFIX = "";
			};
			name = Release;
		};
		524699F51DAC439400813B78 /* Debug */ = {
			isa = XCBuildConfiguration;
			buildSettings = {
				IPHONEOS_DEPLOYMENT_TARGET = 8.1;
				MACOSX_DEPLOYMENT_TARGET = 10.10;
			};
			name = Debug;
		};
		524699F61DAC439400813B78 /* Release */ = {
			isa = XCBuildConfiguration;
			buildSettings = {
				IPHONEOS_DEPLOYMENT_TARGET = 8.1;
				MACOSX_DEPLOYMENT_TARGET = 10.10;
			};
			name = Release;
		};
		52469A0C1DAC445100813B78 /* Debug */ = {
			isa = XCBuildConfiguration;
			buildSettings = {
				ALWAYS_EMBED_SWIFT_STANDARD_LIBRARIES = YES;
				ALWAYS_SEARCH_USER_PATHS = NO;
				ASSETCATALOG_COMPILER_APPICON_NAME = AppIcon;
				CLANG_ANALYZER_NONNULL = YES;
				CLANG_CXX_LANGUAGE_STANDARD = "gnu++0x";
				CLANG_CXX_LIBRARY = "libc++";
				CLANG_ENABLE_MODULES = YES;
				CLANG_ENABLE_OBJC_ARC = YES;
				CLANG_WARN_BOOL_CONVERSION = YES;
				CLANG_WARN_CONSTANT_CONVERSION = YES;
				CLANG_WARN_DIRECT_OBJC_ISA_USAGE = YES_ERROR;
				CLANG_WARN_DOCUMENTATION_COMMENTS = YES;
				CLANG_WARN_EMPTY_BODY = YES;
				CLANG_WARN_ENUM_CONVERSION = YES;
				CLANG_WARN_INFINITE_RECURSION = YES;
				CLANG_WARN_INT_CONVERSION = YES;
				CLANG_WARN_OBJC_ROOT_CLASS = YES_ERROR;
				CLANG_WARN_SUSPICIOUS_MOVES = YES;
				CLANG_WARN_UNREACHABLE_CODE = YES;
				CLANG_WARN__DUPLICATE_METHOD_MATCH = YES;
				"CODE_SIGN_IDENTITY[sdk=iphoneos*]" = "iPhone Developer";
				COPY_PHASE_STRIP = NO;
				DEBUG_INFORMATION_FORMAT = dwarf;
				DEVELOPMENT_TEAM = 2H866F22W7;
				ENABLE_STRICT_OBJC_MSGSEND = YES;
				ENABLE_TESTABILITY = YES;
				GCC_C_LANGUAGE_STANDARD = gnu99;
				GCC_DYNAMIC_NO_PIC = NO;
				GCC_NO_COMMON_BLOCKS = YES;
				GCC_OPTIMIZATION_LEVEL = 0;
				GCC_PREPROCESSOR_DEFINITIONS = (
					"DEBUG=1",
					"$(inherited)",
				);
				GCC_WARN_64_TO_32_BIT_CONVERSION = YES;
				GCC_WARN_ABOUT_RETURN_TYPE = YES_ERROR;
				GCC_WARN_UNDECLARED_SELECTOR = YES;
				GCC_WARN_UNINITIALIZED_AUTOS = YES_AGGRESSIVE;
				GCC_WARN_UNUSED_FUNCTION = YES;
				GCC_WARN_UNUSED_VARIABLE = YES;
				INFOPLIST_FILE = "Swifty-Karel-iOS/Info.plist";
				IPHONEOS_DEPLOYMENT_TARGET = 8.1;
				LD_RUNPATH_SEARCH_PATHS = "$(inherited) @executable_path/Frameworks";
				MTL_ENABLE_DEBUG_INFO = YES;
				ONLY_ACTIVE_ARCH = YES;
				PRODUCT_BUNDLE_IDENTIFIER = "com.wwitdc.apollo.Swifty-Karel-iOS";
				PRODUCT_NAME = "$(TARGET_NAME)";
				SDKROOT = iphoneos;
				SWIFT_ACTIVE_COMPILATION_CONDITIONS = DEBUG;
				SWIFT_OPTIMIZATION_LEVEL = "-Onone";
				SWIFT_VERSION = 3.0;
				TARGETED_DEVICE_FAMILY = "1,2";
			};
			name = Debug;
		};
		52469A0D1DAC445100813B78 /* Release */ = {
			isa = XCBuildConfiguration;
			buildSettings = {
				ALWAYS_EMBED_SWIFT_STANDARD_LIBRARIES = YES;
				ALWAYS_SEARCH_USER_PATHS = NO;
				ASSETCATALOG_COMPILER_APPICON_NAME = AppIcon;
				CLANG_ANALYZER_NONNULL = YES;
				CLANG_CXX_LANGUAGE_STANDARD = "gnu++0x";
				CLANG_CXX_LIBRARY = "libc++";
				CLANG_ENABLE_MODULES = YES;
				CLANG_ENABLE_OBJC_ARC = YES;
				CLANG_WARN_BOOL_CONVERSION = YES;
				CLANG_WARN_CONSTANT_CONVERSION = YES;
				CLANG_WARN_DIRECT_OBJC_ISA_USAGE = YES_ERROR;
				CLANG_WARN_DOCUMENTATION_COMMENTS = YES;
				CLANG_WARN_EMPTY_BODY = YES;
				CLANG_WARN_ENUM_CONVERSION = YES;
				CLANG_WARN_INFINITE_RECURSION = YES;
				CLANG_WARN_INT_CONVERSION = YES;
				CLANG_WARN_OBJC_ROOT_CLASS = YES_ERROR;
				CLANG_WARN_SUSPICIOUS_MOVES = YES;
				CLANG_WARN_UNREACHABLE_CODE = YES;
				CLANG_WARN__DUPLICATE_METHOD_MATCH = YES;
				"CODE_SIGN_IDENTITY[sdk=iphoneos*]" = "iPhone Developer";
				COPY_PHASE_STRIP = NO;
				DEBUG_INFORMATION_FORMAT = "dwarf-with-dsym";
				DEVELOPMENT_TEAM = 2H866F22W7;
				ENABLE_NS_ASSERTIONS = NO;
				ENABLE_STRICT_OBJC_MSGSEND = YES;
				GCC_C_LANGUAGE_STANDARD = gnu99;
				GCC_NO_COMMON_BLOCKS = YES;
				GCC_WARN_64_TO_32_BIT_CONVERSION = YES;
				GCC_WARN_ABOUT_RETURN_TYPE = YES_ERROR;
				GCC_WARN_UNDECLARED_SELECTOR = YES;
				GCC_WARN_UNINITIALIZED_AUTOS = YES_AGGRESSIVE;
				GCC_WARN_UNUSED_FUNCTION = YES;
				GCC_WARN_UNUSED_VARIABLE = YES;
				INFOPLIST_FILE = "Swifty-Karel-iOS/Info.plist";
				IPHONEOS_DEPLOYMENT_TARGET = 8.1;
				LD_RUNPATH_SEARCH_PATHS = "$(inherited) @executable_path/Frameworks";
				MTL_ENABLE_DEBUG_INFO = NO;
				PRODUCT_BUNDLE_IDENTIFIER = "com.wwitdc.apollo.Swifty-Karel-iOS";
				PRODUCT_NAME = "$(TARGET_NAME)";
				SDKROOT = iphoneos;
				SWIFT_OPTIMIZATION_LEVEL = "-Owholemodule";
				SWIFT_VERSION = 3.0;
				TARGETED_DEVICE_FAMILY = "1,2";
				VALIDATE_PRODUCT = YES;
			};
			name = Release;
		};
		52469A2C1DAC50F100813B78 /* Debug */ = {
			isa = XCBuildConfiguration;
			buildSettings = {
				ALWAYS_SEARCH_USER_PATHS = NO;
				ASSETCATALOG_COMPILER_APPICON_NAME = AppIcon;
				CLANG_ANALYZER_NONNULL = YES;
				CLANG_CXX_LANGUAGE_STANDARD = "gnu++0x";
				CLANG_CXX_LIBRARY = "libc++";
				CLANG_ENABLE_MODULES = YES;
				CLANG_ENABLE_OBJC_ARC = YES;
				CLANG_WARN_BOOL_CONVERSION = YES;
				CLANG_WARN_CONSTANT_CONVERSION = YES;
				CLANG_WARN_DIRECT_OBJC_ISA_USAGE = YES_ERROR;
				CLANG_WARN_DOCUMENTATION_COMMENTS = YES;
				CLANG_WARN_EMPTY_BODY = YES;
				CLANG_WARN_ENUM_CONVERSION = YES;
				CLANG_WARN_INFINITE_RECURSION = YES;
				CLANG_WARN_INT_CONVERSION = YES;
				CLANG_WARN_OBJC_ROOT_CLASS = YES_ERROR;
				CLANG_WARN_SUSPICIOUS_MOVES = YES;
				CLANG_WARN_UNREACHABLE_CODE = YES;
				CLANG_WARN__DUPLICATE_METHOD_MATCH = YES;
				CODE_SIGN_IDENTITY = "-";
				COMBINE_HIDPI_IMAGES = YES;
				COPY_PHASE_STRIP = NO;
				DEBUG_INFORMATION_FORMAT = dwarf;
				DEVELOPMENT_TEAM = 2H866F22W7;
				ENABLE_STRICT_OBJC_MSGSEND = YES;
				ENABLE_TESTABILITY = YES;
				GCC_C_LANGUAGE_STANDARD = gnu99;
				GCC_DYNAMIC_NO_PIC = NO;
				GCC_NO_COMMON_BLOCKS = YES;
				GCC_OPTIMIZATION_LEVEL = 0;
				GCC_PREPROCESSOR_DEFINITIONS = (
					"DEBUG=1",
					"$(inherited)",
				);
				GCC_WARN_64_TO_32_BIT_CONVERSION = YES;
				GCC_WARN_ABOUT_RETURN_TYPE = YES_ERROR;
				GCC_WARN_UNDECLARED_SELECTOR = YES;
				GCC_WARN_UNINITIALIZED_AUTOS = YES_AGGRESSIVE;
				GCC_WARN_UNUSED_FUNCTION = YES;
				GCC_WARN_UNUSED_VARIABLE = YES;
				INFOPLIST_FILE = "Swifty-Karel-macOS/Info.plist";
				LD_RUNPATH_SEARCH_PATHS = "$(inherited) @executable_path/../Frameworks";
				MACOSX_DEPLOYMENT_TARGET = 10.10;
				MTL_ENABLE_DEBUG_INFO = YES;
				ONLY_ACTIVE_ARCH = YES;
				PRODUCT_BUNDLE_IDENTIFIER = "com.wwitdc.apollo.Swifty-Karel-macOS";
				PRODUCT_NAME = "$(TARGET_NAME)";
				SDKROOT = macosx;
				SWIFT_ACTIVE_COMPILATION_CONDITIONS = DEBUG;
				SWIFT_OPTIMIZATION_LEVEL = "-Onone";
				SWIFT_VERSION = 3.0;
			};
			name = Debug;
		};
		52469A2D1DAC50F100813B78 /* Release */ = {
			isa = XCBuildConfiguration;
			buildSettings = {
				ALWAYS_SEARCH_USER_PATHS = NO;
				ASSETCATALOG_COMPILER_APPICON_NAME = AppIcon;
				CLANG_ANALYZER_NONNULL = YES;
				CLANG_CXX_LANGUAGE_STANDARD = "gnu++0x";
				CLANG_CXX_LIBRARY = "libc++";
				CLANG_ENABLE_MODULES = YES;
				CLANG_ENABLE_OBJC_ARC = YES;
				CLANG_WARN_BOOL_CONVERSION = YES;
				CLANG_WARN_CONSTANT_CONVERSION = YES;
				CLANG_WARN_DIRECT_OBJC_ISA_USAGE = YES_ERROR;
				CLANG_WARN_DOCUMENTATION_COMMENTS = YES;
				CLANG_WARN_EMPTY_BODY = YES;
				CLANG_WARN_ENUM_CONVERSION = YES;
				CLANG_WARN_INFINITE_RECURSION = YES;
				CLANG_WARN_INT_CONVERSION = YES;
				CLANG_WARN_OBJC_ROOT_CLASS = YES_ERROR;
				CLANG_WARN_SUSPICIOUS_MOVES = YES;
				CLANG_WARN_UNREACHABLE_CODE = YES;
				CLANG_WARN__DUPLICATE_METHOD_MATCH = YES;
				CODE_SIGN_IDENTITY = "-";
				COMBINE_HIDPI_IMAGES = YES;
				COPY_PHASE_STRIP = NO;
				DEBUG_INFORMATION_FORMAT = "dwarf-with-dsym";
				DEVELOPMENT_TEAM = 2H866F22W7;
				ENABLE_NS_ASSERTIONS = NO;
				ENABLE_STRICT_OBJC_MSGSEND = YES;
				GCC_C_LANGUAGE_STANDARD = gnu99;
				GCC_NO_COMMON_BLOCKS = YES;
				GCC_WARN_64_TO_32_BIT_CONVERSION = YES;
				GCC_WARN_ABOUT_RETURN_TYPE = YES_ERROR;
				GCC_WARN_UNDECLARED_SELECTOR = YES;
				GCC_WARN_UNINITIALIZED_AUTOS = YES_AGGRESSIVE;
				GCC_WARN_UNUSED_FUNCTION = YES;
				GCC_WARN_UNUSED_VARIABLE = YES;
				INFOPLIST_FILE = "Swifty-Karel-macOS/Info.plist";
				LD_RUNPATH_SEARCH_PATHS = "$(inherited) @executable_path/../Frameworks";
				MACOSX_DEPLOYMENT_TARGET = 10.10;
				MTL_ENABLE_DEBUG_INFO = NO;
				PRODUCT_BUNDLE_IDENTIFIER = "com.wwitdc.apollo.Swifty-Karel-macOS";
				PRODUCT_NAME = "$(TARGET_NAME)";
				SDKROOT = macosx;
				SWIFT_OPTIMIZATION_LEVEL = "-Owholemodule";
				SWIFT_VERSION = 3.0;
			};
			name = Release;
		};
/* End XCBuildConfiguration section */

/* Begin XCConfigurationList section */
		52034C3F1DAC879C00F07217 /* Build configuration list for PBXNativeTarget "SwiftyKareliOS" */ = {
			isa = XCConfigurationList;
			buildConfigurations = (
				52034C3D1DAC879C00F07217 /* Debug */,
				52034C3E1DAC879C00F07217 /* Release */,
			);
			defaultConfigurationIsVisible = 0;
			defaultConfigurationName = Release;
		};
		524699F41DAC439400813B78 /* Build configuration list for PBXProject "SwiftyKarel" */ = {
			isa = XCConfigurationList;
			buildConfigurations = (
				524699F51DAC439400813B78 /* Debug */,
				524699F61DAC439400813B78 /* Release */,
			);
			defaultConfigurationIsVisible = 0;
			defaultConfigurationName = Release;
		};
		52469A0B1DAC445100813B78 /* Build configuration list for PBXNativeTarget "Swifty-Karel-iOS" */ = {
			isa = XCConfigurationList;
			buildConfigurations = (
				52469A0C1DAC445100813B78 /* Debug */,
				52469A0D1DAC445100813B78 /* Release */,
			);
			defaultConfigurationIsVisible = 0;
			defaultConfigurationName = Release;
		};
		52469A2B1DAC50F100813B78 /* Build configuration list for PBXNativeTarget "Swifty-Karel-macOS" */ = {
			isa = XCConfigurationList;
			buildConfigurations = (
				52469A2C1DAC50F100813B78 /* Debug */,
				52469A2D1DAC50F100813B78 /* Release */,
			);
			defaultConfigurationIsVisible = 0;
			defaultConfigurationName = Release;
		};
/* End XCConfigurationList section */
	};
	rootObject = 524699F11DAC439400813B78 /* Project object */;
}
